// !$*UTF8*$!
{
	archiveVersion = 1;
	classes = {
	};
	objectVersion = 50;
	objects = {

/* Begin PBXBuildFile section */
		DC64AEBC22D4B09800B34A78 /* AppDelegate.swift in Sources */ = {isa = PBXBuildFile; fileRef = DC64AEBB22D4B09800B34A78 /* AppDelegate.swift */; };
		DC64AEBE22D4B09800B34A78 /* art.scnassets in Resources */ = {isa = PBXBuildFile; fileRef = DC64AEBD22D4B09800B34A78 /* art.scnassets */; };
		DC64AEC022D4B09800B34A78 /* ViewController.swift in Sources */ = {isa = PBXBuildFile; fileRef = DC64AEBF22D4B09800B34A78 /* ViewController.swift */; };
		DC64AEC322D4B09800B34A78 /* Main.storyboard in Resources */ = {isa = PBXBuildFile; fileRef = DC64AEC122D4B09800B34A78 /* Main.storyboard */; };
		DC64AEC522D4B09A00B34A78 /* Assets.xcassets in Resources */ = {isa = PBXBuildFile; fileRef = DC64AEC422D4B09A00B34A78 /* Assets.xcassets */; };
		DC64AEC822D4B09A00B34A78 /* LaunchScreen.storyboard in Resources */ = {isa = PBXBuildFile; fileRef = DC64AEC622D4B09A00B34A78 /* LaunchScreen.storyboard */; };
		DC64AED222D4BE1200B34A78 /* PlaneDescription.sks in Resources */ = {isa = PBXBuildFile; fileRef = DC64AED122D4BE1200B34A78 /* PlaneDescription.sks */; };
		DC64AED422D4C3FF00B34A78 /* AppHelper.swift in Sources */ = {isa = PBXBuildFile; fileRef = DC64AED322D4C3FF00B34A78 /* AppHelper.swift */; };
/* End PBXBuildFile section */

/* Begin PBXFileReference section */
		DC64AEB822D4B09800B34A78 /* AR.app */ = {isa = PBXFileReference; explicitFileType = wrapper.application; includeInIndex = 0; path = AR.app; sourceTree = BUILT_PRODUCTS_DIR; };
		DC64AEBB22D4B09800B34A78 /* AppDelegate.swift */ = {isa = PBXFileReference; lastKnownFileType = sourcecode.swift; path = AppDelegate.swift; sourceTree = "<group>"; };
		DC64AEBD22D4B09800B34A78 /* art.scnassets */ = {isa = PBXFileReference; lastKnownFileType = wrapper.scnassets; path = art.scnassets; sourceTree = "<group>"; };
		DC64AEBF22D4B09800B34A78 /* ViewController.swift */ = {isa = PBXFileReference; lastKnownFileType = sourcecode.swift; path = ViewController.swift; sourceTree = "<group>"; };
		DC64AEC222D4B09800B34A78 /* Base */ = {isa = PBXFileReference; lastKnownFileType = file.storyboard; name = Base; path = Base.lproj/Main.storyboard; sourceTree = "<group>"; };
		DC64AEC422D4B09A00B34A78 /* Assets.xcassets */ = {isa = PBXFileReference; lastKnownFileType = folder.assetcatalog; path = Assets.xcassets; sourceTree = "<group>"; };
		DC64AEC722D4B09A00B34A78 /* Base */ = {isa = PBXFileReference; lastKnownFileType = file.storyboard; name = Base; path = Base.lproj/LaunchScreen.storyboard; sourceTree = "<group>"; };
		DC64AEC922D4B09A00B34A78 /* Info.plist */ = {isa = PBXFileReference; lastKnownFileType = text.plist.xml; path = Info.plist; sourceTree = "<group>"; };
		DC64AED122D4BE1200B34A78 /* PlaneDescription.sks */ = {isa = PBXFileReference; lastKnownFileType = file.sks; path = PlaneDescription.sks; sourceTree = "<group>"; };
		DC64AED322D4C3FF00B34A78 /* AppHelper.swift */ = {isa = PBXFileReference; lastKnownFileType = sourcecode.swift; path = AppHelper.swift; sourceTree = "<group>"; };
/* End PBXFileReference section */

/* Begin PBXFrameworksBuildPhase section */
		DC64AEB522D4B09800B34A78 /* Frameworks */ = {
			isa = PBXFrameworksBuildPhase;
			buildActionMask = 2147483647;
			files = (
			);
			runOnlyForDeploymentPostprocessing = 0;
		};
/* End PBXFrameworksBuildPhase section */

/* Begin PBXGroup section */
		DC64AEAF22D4B09800B34A78 = {
			isa = PBXGroup;
			children = (
				DC64AEBA22D4B09800B34A78 /* AR */,
				DC64AEB922D4B09800B34A78 /* Products */,
			);
			sourceTree = "<group>";
		};
		DC64AEB922D4B09800B34A78 /* Products */ = {
			isa = PBXGroup;
			children = (
				DC64AEB822D4B09800B34A78 /* AR.app */,
			);
			name = Products;
			sourceTree = "<group>";
		};
		DC64AEBA22D4B09800B34A78 /* AR */ = {
			isa = PBXGroup;
			children = (
				DC64AEBB22D4B09800B34A78 /* AppDelegate.swift */,
				DC64AEBD22D4B09800B34A78 /* art.scnassets */,
				DC64AEBF22D4B09800B34A78 /* ViewController.swift */,
				DC64AEC122D4B09800B34A78 /* Main.storyboard */,
				DC64AED122D4BE1200B34A78 /* PlaneDescription.sks */,
				DC64AEC422D4B09A00B34A78 /* Assets.xcassets */,
				DC64AEC622D4B09A00B34A78 /* LaunchScreen.storyboard */,
				DC64AEC922D4B09A00B34A78 /* Info.plist */,
				DC64AED322D4C3FF00B34A78 /* AppHelper.swift */,
			);
			path = AR;
			sourceTree = "<group>";
		};
/* End PBXGroup section */

/* Begin PBXNativeTarget section */
		DC64AEB722D4B09800B34A78 /* AR */ = {
			isa = PBXNativeTarget;
			buildConfigurationList = DC64AECC22D4B09A00B34A78 /* Build configuration list for PBXNativeTarget "AR" */;
			buildPhases = (
				DC64AEB422D4B09800B34A78 /* Sources */,
				DC64AEB522D4B09800B34A78 /* Frameworks */,
				DC64AEB622D4B09800B34A78 /* Resources */,
			);
			buildRules = (
			);
			dependencies = (
			);
			name = AR;
			productName = AR;
			productReference = DC64AEB822D4B09800B34A78 /* AR.app */;
			productType = "com.apple.product-type.application";
		};
/* End PBXNativeTarget section */

/* Begin PBXProject section */
		DC64AEB022D4B09800B34A78 /* Project object */ = {
			isa = PBXProject;
			attributes = {
				LastSwiftUpdateCheck = 1010;
				LastUpgradeCheck = 1010;
				ORGANIZATIONNAME = Ratti;
				TargetAttributes = {
					DC64AEB722D4B09800B34A78 = {
						CreatedOnToolsVersion = 10.1;
					};
				};
			};
			buildConfigurationList = DC64AEB322D4B09800B34A78 /* Build configuration list for PBXProject "AR" */;
			compatibilityVersion = "Xcode 9.3";
			developmentRegion = en;
			hasScannedForEncodings = 0;
			knownRegions = (
				en,
				Base,
			);
			mainGroup = DC64AEAF22D4B09800B34A78;
			productRefGroup = DC64AEB922D4B09800B34A78 /* Products */;
			projectDirPath = "";
			projectRoot = "";
			targets = (
				DC64AEB722D4B09800B34A78 /* AR */,
			);
		};
/* End PBXProject section */

/* Begin PBXResourcesBuildPhase section */
		DC64AEB622D4B09800B34A78 /* Resources */ = {
			isa = PBXResourcesBuildPhase;
			buildActionMask = 2147483647;
			files = (
				DC64AEBE22D4B09800B34A78 /* art.scnassets in Resources */,
				DC64AEC822D4B09A00B34A78 /* LaunchScreen.storyboard in Resources */,
				DC64AEC522D4B09A00B34A78 /* Assets.xcassets in Resources */,
				DC64AED222D4BE1200B34A78 /* PlaneDescription.sks in Resources */,
				DC64AEC322D4B09800B34A78 /* Main.storyboard in Resources */,
			);
			runOnlyForDeploymentPostprocessing = 0;
		};
/* End PBXResourcesBuildPhase section */

/* Begin PBXSourcesBuildPhase section */
		DC64AEB422D4B09800B34A78 /* Sources */ = {
			isa = PBXSourcesBuildPhase;
			buildActionMask = 2147483647;
			files = (
				DC64AEC022D4B09800B34A78 /* ViewController.swift in Sources */,
				DC64AED422D4C3FF00B34A78 /* AppHelper.swift in Sources */,
				DC64AEBC22D4B09800B34A78 /* AppDelegate.swift in Sources */,
			);
			runOnlyForDeploymentPostprocessing = 0;
		};
/* End PBXSourcesBuildPhase section */

/* Begin PBXVariantGroup section */
		DC64AEC122D4B09800B34A78 /* Main.storyboard */ = {
			isa = PBXVariantGroup;
			children = (
				DC64AEC222D4B09800B34A78 /* Base */,
			);
			name = Main.storyboard;
			sourceTree = "<group>";
		};
		DC64AEC622D4B09A00B34A78 /* LaunchScreen.storyboard */ = {
			isa = PBXVariantGroup;
			children = (
				DC64AEC722D4B09A00B34A78 /* Base */,
			);
			name = LaunchScreen.storyboard;
			sourceTree = "<group>";
		};
/* End PBXVariantGroup section */

/* Begin XCBuildConfiguration section */
		DC64AECA22D4B09A00B34A78 /* Debug */ = {
			isa = XCBuildConfiguration;
			buildSettings = {
				ALWAYS_SEARCH_USER_PATHS = NO;
				CLANG_ANALYZER_NONNULL = YES;
				CLANG_ANALYZER_NUMBER_OBJECT_CONVERSION = YES_AGGRESSIVE;
				CLANG_CXX_LANGUAGE_STANDARD = "gnu++14";
				CLANG_CXX_LIBRARY = "libc++";
				CLANG_ENABLE_MODULES = YES;
				CLANG_ENABLE_OBJC_ARC = YES;
				CLANG_ENABLE_OBJC_WEAK = YES;
				CLANG_WARN_BLOCK_CAPTURE_AUTORELEASING = YES;
				CLANG_WARN_BOOL_CONVERSION = YES;
				CLANG_WARN_COMMA = YES;
				CLANG_WARN_CONSTANT_CONVERSION = YES;
				CLANG_WARN_DEPRECATED_OBJC_IMPLEMENTATIONS = YES;
				CLANG_WARN_DIRECT_OBJC_ISA_USAGE = YES_ERROR;
				CLANG_WARN_DOCUMENTATION_COMMENTS = YES;
				CLANG_WARN_EMPTY_BODY = YES;
				CLANG_WARN_ENUM_CONVERSION = YES;
				CLANG_WARN_INFINITE_RECURSION = YES;
				CLANG_WARN_INT_CONVERSION = YES;
				CLANG_WARN_NON_LITERAL_NULL_CONVERSION = YES;
				CLANG_WARN_OBJC_IMPLICIT_RETAIN_SELF = YES;
				CLANG_WARN_OBJC_LITERAL_CONVERSION = YES;
				CLANG_WARN_OBJC_ROOT_CLASS = YES_ERROR;
				CLANG_WARN_RANGE_LOOP_ANALYSIS = YES;
				CLANG_WARN_STRICT_PROTOTYPES = YES;
				CLANG_WARN_SUSPICIOUS_MOVE = YES;
				CLANG_WARN_UNGUARDED_AVAILABILITY = YES_AGGRESSIVE;
				CLANG_WARN_UNREACHABLE_CODE = YES;
				CLANG_WARN__DUPLICATE_METHOD_MATCH = YES;
				CODE_SIGN_IDENTITY = "iPhone Developer";
				COPY_PHASE_STRIP = NO;
				DEBUG_INFORMATION_FORMAT = dwarf;
				ENABLE_STRICT_OBJC_MSGSEND = YES;
				ENABLE_TESTABILITY = YES;
				GCC_C_LANGUAGE_STANDARD = gnu11;
				GCC_DYNAMIC_NO_PIC = NO;
				GCC_NO_COMMON_BLOCKS = YES;
				GCC_OPTIMIZATION_LEVEL = 0;
				GCC_PREPROCESSOR_DEFINITIONS = (
					"DEBUG=1",
					"$(inherited)",
				);
				GCC_WARN_64_TO_32_BIT_CONVERSION = YES;
				GCC_WARN_ABOUT_RETURN_TYPE = YES_ERROR;
				GCC_WARN_UNDECLARED_SELECTOR = YES;
				GCC_WARN_UNINITIALIZED_AUTOS = YES_AGGRESSIVE;
				GCC_WARN_UNUSED_FUNCTION = YES;
				GCC_WARN_UNUSED_VARIABLE = YES;
				IPHONEOS_DEPLOYMENT_TARGET = 12.1;
				MTL_ENABLE_DEBUG_INFO = INCLUDE_SOURCE;
				MTL_FAST_MATH = YES;
				ONLY_ACTIVE_ARCH = YES;
				SDKROOT = iphoneos;
				SWIFT_ACTIVE_COMPILATION_CONDITIONS = DEBUG;
				SWIFT_OPTIMIZATION_LEVEL = "-Onone";
			};
			name = Debug;
		};
		DC64AECB22D4B09A00B34A78 /* Release */ = {
			isa = XCBuildConfiguration;
			buildSettings = {
				ALWAYS_SEARCH_USER_PATHS = NO;
				CLANG_ANALYZER_NONNULL = YES;
				CLANG_ANALYZER_NUMBER_OBJECT_CONVERSION = YES_AGGRESSIVE;
				CLANG_CXX_LANGUAGE_STANDARD = "gnu++14";
				CLANG_CXX_LIBRARY = "libc++";
				CLANG_ENABLE_MODULES = YES;
				CLANG_ENABLE_OBJC_ARC = YES;
				CLANG_ENABLE_OBJC_WEAK = YES;
				CLANG_WARN_BLOCK_CAPTURE_AUTORELEASING = YES;
				CLANG_WARN_BOOL_CONVERSION = YES;
				CLANG_WARN_COMMA = YES;
				CLANG_WARN_CONSTANT_CONVERSION = YES;
				CLANG_WARN_DEPRECATED_OBJC_IMPLEMENTATIONS = YES;
				CLANG_WARN_DIRECT_OBJC_ISA_USAGE = YES_ERROR;
				CLANG_WARN_DOCUMENTATION_COMMENTS = YES;
				CLANG_WARN_EMPTY_BODY = YES;
				CLANG_WARN_ENUM_CONVERSION = YES;
				CLANG_WARN_INFINITE_RECURSION = YES;
				CLANG_WARN_INT_CONVERSION = YES;
				CLANG_WARN_NON_LITERAL_NULL_CONVERSION = YES;
				CLANG_WARN_OBJC_IMPLICIT_RETAIN_SELF = YES;
				CLANG_WARN_OBJC_LITERAL_CONVERSION = YES;
				CLANG_WARN_OBJC_ROOT_CLASS = YES_ERROR;
				CLANG_WARN_RANGE_LOOP_ANALYSIS = YES;
				CLANG_WARN_STRICT_PROTOTYPES = YES;
				CLANG_WARN_SUSPICIOUS_MOVE = YES;
				CLANG_WARN_UNGUARDED_AVAILABILITY = YES_AGGRESSIVE;
				CLANG_WARN_UNREACHABLE_CODE = YES;
				CLANG_WARN__DUPLICATE_METHOD_MATCH = YES;
				CODE_SIGN_IDENTITY = "iPhone Developer";
				COPY_PHASE_STRIP = NO;
				DEBUG_INFORMATION_FORMAT = "dwarf-with-dsym";
				ENABLE_NS_ASSERTIONS = NO;
				ENABLE_STRICT_OBJC_MSGSEND = YES;
				GCC_C_LANGUAGE_STANDARD = gnu11;
				GCC_NO_COMMON_BLOCKS = YES;
				GCC_WARN_64_TO_32_BIT_CONVERSION = YES;
				GCC_WARN_ABOUT_RETURN_TYPE = YES_ERROR;
				GCC_WARN_UNDECLARED_SELECTOR = YES;
				GCC_WARN_UNINITIALIZED_AUTOS = YES_AGGRESSIVE;
				GCC_WARN_UNUSED_FUNCTION = YES;
				GCC_WARN_UNUSED_VARIABLE = YES;
				IPHONEOS_DEPLOYMENT_TARGET = 12.1;
				MTL_ENABLE_DEBUG_INFO = NO;
				MTL_FAST_MATH = YES;
				SDKROOT = iphoneos;
				SWIFT_COMPILATION_MODE = wholemodule;
				SWIFT_OPTIMIZATION_LEVEL = "-O";
				VALIDATE_PRODUCT = YES;
			};
			name = Release;
		};
		DC64AECD22D4B09A00B34A78 /* Debug */ = {
			isa = XCBuildConfiguration;
			buildSettings = {
				ASSETCATALOG_COMPILER_APPICON_NAME = AppIcon;
				CODE_SIGN_STYLE = Manual;
				DEVELOPMENT_TEAM = "";
				INFOPLIST_FILE = AR/Info.plist;
				LD_RUNPATH_SEARCH_PATHS = (
					"$(inherited)",
					"@executable_path/Frameworks",
				);
				PRODUCT_BUNDLE_IDENTIFIER = VE.AR;
				PRODUCT_NAME = "$(TARGET_NAME)";
				PROVISIONING_PROFILE_SPECIFIER = "";
				SWIFT_VERSION = 4.2;
				TARGETED_DEVICE_FAMILY = "1,2";
			};
			name = Debug;
		};
		DC64AECE22D4B09A00B34A78 /* Release */ = {
			isa = XCBuildConfiguration;
			buildSettings = {
				ASSETCATALOG_COMPILER_APPICON_NAME = AppIcon;
				CODE_SIGN_STYLE = Manual;
				DEVELOPMENT_TEAM = "";
				INFOPLIST_FILE = AR/Info.plist;
				LD_RUNPATH_SEARCH_PATHS = (
					"$(inherited)",
					"@executable_path/Frameworks",
				);
				PRODUCT_BUNDLE_IDENTIFIER = VE.AR;
				PRODUCT_NAME = "$(TARGET_NAME)";
				PROVISIONING_PROFILE_SPECIFIER = "";
				SWIFT_VERSION = 4.2;
				TARGETED_DEVICE_FAMILY = "1,2";
			};
			name = Release;
		};
/* End XCBuildConfiguration section */

/* Begin XCConfigurationList section */
		DC64AEB322D4B09800B34A78 /* Build configuration list for PBXProject "AR" */ = {
			isa = XCConfigurationList;
			buildConfigurations = (
				DC64AECA22D4B09A00B34A78 /* Debug */,
				DC64AECB22D4B09A00B34A78 /* Release */,
			);
			defaultConfigurationIsVisible = 0;
			defaultConfigurationName = Release;
		};
		DC64AECC22D4B09A00B34A78 /* Build configuration list for PBXNativeTarget "AR" */ = {
			isa = XCConfigurationList;
			buildConfigurations = (
				DC64AECD22D4B09A00B34A78 /* Debug */,
				DC64AECE22D4B09A00B34A78 /* Release */,
			);
			defaultConfigurationIsVisible = 0;
			defaultConfigurationName = Release;
		};
/* End XCConfigurationList section */
	};
	rootObject = DC64AEB022D4B09800B34A78 /* Project object */;
}
